// !$*UTF8*$!
{
	archiveVersion = 1;
	classes = {
	};
	objectVersion = 50;
	objects = {

/* Begin PBXBuildFile section */
		3008E7752454923C00E3EAF2 /* DetailViewController.swift in Sources */ = {isa = PBXBuildFile; fileRef = 3008E7742454923C00E3EAF2 /* DetailViewController.swift */; };
		3008E79D24557B3B00E3EAF2 /* DescriptionLabel.swift in Sources */ = {isa = PBXBuildFile; fileRef = 3008E79C24557B3B00E3EAF2 /* DescriptionLabel.swift */; };
		3008E79F24557CD800E3EAF2 /* ContentsTitleLabel.swift in Sources */ = {isa = PBXBuildFile; fileRef = 3008E79E24557CD800E3EAF2 /* ContentsTitleLabel.swift */; };
		307BF1AE24591F8800AA0A41 /* ExtendedUIColor.swift in Sources */ = {isa = PBXBuildFile; fileRef = 307BF1AD24591F8800AA0A41 /* ExtendedUIColor.swift */; };
		307EE45D2451C5B6004C6A29 /* SectionHeaderTapGestureRecognizer.swift in Sources */ = {isa = PBXBuildFile; fileRef = 307EE45C2451C5B6004C6A29 /* SectionHeaderTapGestureRecognizer.swift */; };
		30955F8A24531533004D8940 /* ImageCache.swift in Sources */ = {isa = PBXBuildFile; fileRef = 30955F8924531533004D8940 /* ImageCache.swift */; };
		30B27E6C24582A5C00DB820D /* GithubLoginViewController.swift in Sources */ = {isa = PBXBuildFile; fileRef = 30B27E6B24582A5C00DB820D /* GithubLoginViewController.swift */; };
		30C18E32245406D00087F83E /* ImageLoader.swift in Sources */ = {isa = PBXBuildFile; fileRef = 30C18E31245406D00087F83E /* ImageLoader.swift */; };
		30CB3DC2245021710022C15E /* MenuHeaderView.swift in Sources */ = {isa = PBXBuildFile; fileRef = 30CB3DC1245021710022C15E /* MenuHeaderView.swift */; };
		30E2E1C4245D5272002BE789 /* MenuDetailView.swift in Sources */ = {isa = PBXBuildFile; fileRef = 30E2E1C3245D5272002BE789 /* MenuDetailView.swift */; };
		30E2F0C6244DBEFA00E45C03 /* AppDelegate.swift in Sources */ = {isa = PBXBuildFile; fileRef = 30E2F0C5244DBEFA00E45C03 /* AppDelegate.swift */; };
		30E2F0C8244DBEFA00E45C03 /* SceneDelegate.swift in Sources */ = {isa = PBXBuildFile; fileRef = 30E2F0C7244DBEFA00E45C03 /* SceneDelegate.swift */; };
		30E2F0CA244DBEFA00E45C03 /* MenuViewController.swift in Sources */ = {isa = PBXBuildFile; fileRef = 30E2F0C9244DBEFA00E45C03 /* MenuViewController.swift */; };
		30E2F0CD244DBEFA00E45C03 /* Main.storyboard in Resources */ = {isa = PBXBuildFile; fileRef = 30E2F0CB244DBEFA00E45C03 /* Main.storyboard */; };
		30E2F0CF244DBF0100E45C03 /* Assets.xcassets in Resources */ = {isa = PBXBuildFile; fileRef = 30E2F0CE244DBF0100E45C03 /* Assets.xcassets */; };
		30E2F0D2244DBF0100E45C03 /* LaunchScreen.storyboard in Resources */ = {isa = PBXBuildFile; fileRef = 30E2F0D0244DBF0100E45C03 /* LaunchScreen.storyboard */; };
		30E2F0DA244DC8C100E45C03 /* LoginViewController.swift in Sources */ = {isa = PBXBuildFile; fileRef = 30E2F0D9244DC8C100E45C03 /* LoginViewController.swift */; };
		30EF1611244EAD290074E4A4 /* MenuTableView.swift in Sources */ = {isa = PBXBuildFile; fileRef = 30EF1610244EAD290074E4A4 /* MenuTableView.swift */; };
		30F2E9A4244EBFED00C8D289 /* NetworkSetting.swift in Sources */ = {isa = PBXBuildFile; fileRef = 30F2E9A3244EBFED00C8D289 /* NetworkSetting.swift */; };
		30F2E9A6244EC05C00C8D289 /* NetworkErrorCase.swift in Sources */ = {isa = PBXBuildFile; fileRef = 30F2E9A5244EC05C00C8D289 /* NetworkErrorCase.swift */; };
		30F2E9A8244EC2F800C8D289 /* NetworkManager.swift in Sources */ = {isa = PBXBuildFile; fileRef = 30F2E9A7244EC2F800C8D289 /* NetworkManager.swift */; };
		30F2E9AA244ECBDD00C8D289 /* NetworkUseCase.swift in Sources */ = {isa = PBXBuildFile; fileRef = 30F2E9A9244ECBDD00C8D289 /* NetworkUseCase.swift */; };
		30F2E9AD244EDCDE00C8D289 /* AllMenu.swift in Sources */ = {isa = PBXBuildFile; fileRef = 30F2E9AC244EDCDE00C8D289 /* AllMenu.swift */; };
		30F2E9AF244EDEFB00C8D289 /* MenuDetail.swift in Sources */ = {isa = PBXBuildFile; fileRef = 30F2E9AE244EDEFB00C8D289 /* MenuDetail.swift */; };
		30F6A187244DD90700EAD976 /* MenuTableViewCell.swift in Sources */ = {isa = PBXBuildFile; fileRef = 30F6A186244DD90700EAD976 /* MenuTableViewCell.swift */; };
		B9AED54F524AF2D6179B0215 /* libPods-SideDishApp.a in Frameworks */ = {isa = PBXBuildFile; fileRef = F95A19B1BF397AE6384399C4 /* libPods-SideDishApp.a */; };
/* End PBXBuildFile section */

/* Begin PBXFileReference section */
		11121757DA479AE946A24C42 /* Pods-SideDishApp.release.xcconfig */ = {isa = PBXFileReference; includeInIndex = 1; lastKnownFileType = text.xcconfig; name = "Pods-SideDishApp.release.xcconfig"; path = "Target Support Files/Pods-SideDishApp/Pods-SideDishApp.release.xcconfig"; sourceTree = "<group>"; };
		3008E7742454923C00E3EAF2 /* DetailViewController.swift */ = {isa = PBXFileReference; lastKnownFileType = sourcecode.swift; path = DetailViewController.swift; sourceTree = "<group>"; };
		3008E79C24557B3B00E3EAF2 /* DescriptionLabel.swift */ = {isa = PBXFileReference; lastKnownFileType = sourcecode.swift; path = DescriptionLabel.swift; sourceTree = "<group>"; };
		3008E79E24557CD800E3EAF2 /* ContentsTitleLabel.swift */ = {isa = PBXFileReference; lastKnownFileType = sourcecode.swift; path = ContentsTitleLabel.swift; sourceTree = "<group>"; };
		307BF1AD24591F8800AA0A41 /* ExtendedUIColor.swift */ = {isa = PBXFileReference; lastKnownFileType = sourcecode.swift; path = ExtendedUIColor.swift; sourceTree = "<group>"; };
		307EE45C2451C5B6004C6A29 /* SectionHeaderTapGestureRecognizer.swift */ = {isa = PBXFileReference; lastKnownFileType = sourcecode.swift; path = SectionHeaderTapGestureRecognizer.swift; sourceTree = "<group>"; };
		30955F8924531533004D8940 /* ImageCache.swift */ = {isa = PBXFileReference; lastKnownFileType = sourcecode.swift; path = ImageCache.swift; sourceTree = "<group>"; };
		30B27E6B24582A5C00DB820D /* GithubLoginViewController.swift */ = {isa = PBXFileReference; lastKnownFileType = sourcecode.swift; path = GithubLoginViewController.swift; sourceTree = "<group>"; };
		30C18E31245406D00087F83E /* ImageLoader.swift */ = {isa = PBXFileReference; lastKnownFileType = sourcecode.swift; path = ImageLoader.swift; sourceTree = "<group>"; };
		30CB3DC1245021710022C15E /* MenuHeaderView.swift */ = {isa = PBXFileReference; lastKnownFileType = sourcecode.swift; path = MenuHeaderView.swift; sourceTree = "<group>"; };
		30E2E1C3245D5272002BE789 /* MenuDetailView.swift */ = {isa = PBXFileReference; lastKnownFileType = sourcecode.swift; path = MenuDetailView.swift; sourceTree = "<group>"; };
		30E2F0C2244DBEFA00E45C03 /* SideDishApp.app */ = {isa = PBXFileReference; explicitFileType = wrapper.application; includeInIndex = 0; path = SideDishApp.app; sourceTree = BUILT_PRODUCTS_DIR; };
		30E2F0C5244DBEFA00E45C03 /* AppDelegate.swift */ = {isa = PBXFileReference; lastKnownFileType = sourcecode.swift; path = AppDelegate.swift; sourceTree = "<group>"; };
		30E2F0C7244DBEFA00E45C03 /* SceneDelegate.swift */ = {isa = PBXFileReference; lastKnownFileType = sourcecode.swift; path = SceneDelegate.swift; sourceTree = "<group>"; };
		30E2F0C9244DBEFA00E45C03 /* MenuViewController.swift */ = {isa = PBXFileReference; lastKnownFileType = sourcecode.swift; path = MenuViewController.swift; sourceTree = "<group>"; };
		30E2F0CC244DBEFA00E45C03 /* Base */ = {isa = PBXFileReference; lastKnownFileType = file.storyboard; name = Base; path = Base.lproj/Main.storyboard; sourceTree = "<group>"; };
		30E2F0CE244DBF0100E45C03 /* Assets.xcassets */ = {isa = PBXFileReference; lastKnownFileType = folder.assetcatalog; path = Assets.xcassets; sourceTree = "<group>"; };
		30E2F0D1244DBF0100E45C03 /* Base */ = {isa = PBXFileReference; lastKnownFileType = file.storyboard; name = Base; path = Base.lproj/LaunchScreen.storyboard; sourceTree = "<group>"; };
		30E2F0D3244DBF0100E45C03 /* Info.plist */ = {isa = PBXFileReference; lastKnownFileType = text.plist.xml; path = Info.plist; sourceTree = "<group>"; };
		30E2F0D9244DC8C100E45C03 /* LoginViewController.swift */ = {isa = PBXFileReference; lastKnownFileType = sourcecode.swift; path = LoginViewController.swift; sourceTree = "<group>"; };
		30EF1610244EAD290074E4A4 /* MenuTableView.swift */ = {isa = PBXFileReference; lastKnownFileType = sourcecode.swift; path = MenuTableView.swift; sourceTree = "<group>"; };
		30F2E9A3244EBFED00C8D289 /* NetworkSetting.swift */ = {isa = PBXFileReference; lastKnownFileType = sourcecode.swift; path = NetworkSetting.swift; sourceTree = "<group>"; };
		30F2E9A5244EC05C00C8D289 /* NetworkErrorCase.swift */ = {isa = PBXFileReference; lastKnownFileType = sourcecode.swift; path = NetworkErrorCase.swift; sourceTree = "<group>"; };
		30F2E9A7244EC2F800C8D289 /* NetworkManager.swift */ = {isa = PBXFileReference; lastKnownFileType = sourcecode.swift; path = NetworkManager.swift; sourceTree = "<group>"; };
		30F2E9A9244ECBDD00C8D289 /* NetworkUseCase.swift */ = {isa = PBXFileReference; lastKnownFileType = sourcecode.swift; path = NetworkUseCase.swift; sourceTree = "<group>"; };
		30F2E9AC244EDCDE00C8D289 /* AllMenu.swift */ = {isa = PBXFileReference; lastKnownFileType = sourcecode.swift; path = AllMenu.swift; sourceTree = "<group>"; };
		30F2E9AE244EDEFB00C8D289 /* MenuDetail.swift */ = {isa = PBXFileReference; lastKnownFileType = sourcecode.swift; path = MenuDetail.swift; sourceTree = "<group>"; };
		30F6A186244DD90700EAD976 /* MenuTableViewCell.swift */ = {isa = PBXFileReference; lastKnownFileType = sourcecode.swift; path = MenuTableViewCell.swift; sourceTree = "<group>"; };
		DB4D7076D4EFE94E69D59E80 /* Pods-SideDishApp.debug.xcconfig */ = {isa = PBXFileReference; includeInIndex = 1; lastKnownFileType = text.xcconfig; name = "Pods-SideDishApp.debug.xcconfig"; path = "Target Support Files/Pods-SideDishApp/Pods-SideDishApp.debug.xcconfig"; sourceTree = "<group>"; };
		F95A19B1BF397AE6384399C4 /* libPods-SideDishApp.a */ = {isa = PBXFileReference; explicitFileType = archive.ar; includeInIndex = 0; path = "libPods-SideDishApp.a"; sourceTree = BUILT_PRODUCTS_DIR; };
/* End PBXFileReference section */

/* Begin PBXFrameworksBuildPhase section */
		30E2F0BF244DBEFA00E45C03 /* Frameworks */ = {
			isa = PBXFrameworksBuildPhase;
			buildActionMask = 2147483647;
			files = (
				B9AED54F524AF2D6179B0215 /* libPods-SideDishApp.a in Frameworks */,
			);
			runOnlyForDeploymentPostprocessing = 0;
		};
/* End PBXFrameworksBuildPhase section */

/* Begin PBXGroup section */
		307BF1AC24591F5C00AA0A41 /* Extensions */ = {
			isa = PBXGroup;
			children = (
				307BF1AD24591F8800AA0A41 /* ExtendedUIColor.swift */,
			);
			path = Extensions;
			sourceTree = "<group>";
		};
		307EE4592451C00C004C6A29 /* ImageLoader */ = {
			isa = PBXGroup;
			children = (
				30955F8924531533004D8940 /* ImageCache.swift */,
				30C18E31245406D00087F83E /* ImageLoader.swift */,
			);
			path = ImageLoader;
			sourceTree = "<group>";
		};
		30E2F0B9244DBEFA00E45C03 = {
			isa = PBXGroup;
			children = (
				30E2F0C4244DBEFA00E45C03 /* SideDishApp */,
				30E2F0C3244DBEFA00E45C03 /* Products */,
				93D5FF1B350311F1AFD34BCC /* Pods */,
				7A699480A43FEB83B0342067 /* Frameworks */,
			);
			sourceTree = "<group>";
		};
		30E2F0C3244DBEFA00E45C03 /* Products */ = {
			isa = PBXGroup;
			children = (
				30E2F0C2244DBEFA00E45C03 /* SideDishApp.app */,
			);
			name = Products;
			sourceTree = "<group>";
		};
		30E2F0C4244DBEFA00E45C03 /* SideDishApp */ = {
			isa = PBXGroup;
			children = (
				30F2E9B1244EEA3B00C8D289 /* Views */,
				30F2E9B0244EEA2600C8D289 /* ViewControllers */,
				30F2E9AB244ED49E00C8D289 /* Models */,
				30F2E9A0244EBE9000C8D289 /* Utilities */,
				30F2E99F244EBE7000C8D289 /* Entry */,
				30E2F0CB244DBEFA00E45C03 /* Main.storyboard */,
				30E2F0CE244DBF0100E45C03 /* Assets.xcassets */,
				30E2F0D0244DBF0100E45C03 /* LaunchScreen.storyboard */,
				30E2F0D3244DBF0100E45C03 /* Info.plist */,
			);
			path = SideDishApp;
			sourceTree = "<group>";
		};
		30F2E99F244EBE7000C8D289 /* Entry */ = {
			isa = PBXGroup;
			children = (
				30E2F0C5244DBEFA00E45C03 /* AppDelegate.swift */,
				30E2F0C7244DBEFA00E45C03 /* SceneDelegate.swift */,
			);
			path = Entry;
			sourceTree = "<group>";
		};
		30F2E9A0244EBE9000C8D289 /* Utilities */ = {
			isa = PBXGroup;
			children = (
				307BF1AC24591F5C00AA0A41 /* Extensions */,
				307EE4592451C00C004C6A29 /* ImageLoader */,
				30F2E9A2244EBEA600C8D289 /* Networking */,
			);
			path = Utilities;
			sourceTree = "<group>";
		};
		30F2E9A2244EBEA600C8D289 /* Networking */ = {
			isa = PBXGroup;
			children = (
				30F2E9A3244EBFED00C8D289 /* NetworkSetting.swift */,
				30F2E9A5244EC05C00C8D289 /* NetworkErrorCase.swift */,
				30F2E9A7244EC2F800C8D289 /* NetworkManager.swift */,
				30F2E9A9244ECBDD00C8D289 /* NetworkUseCase.swift */,
			);
			path = Networking;
			sourceTree = "<group>";
		};
		30F2E9AB244ED49E00C8D289 /* Models */ = {
			isa = PBXGroup;
			children = (
				30F2E9AC244EDCDE00C8D289 /* AllMenu.swift */,
				30F2E9AE244EDEFB00C8D289 /* MenuDetail.swift */,
			);
			path = Models;
			sourceTree = "<group>";
		};
		30F2E9B0244EEA2600C8D289 /* ViewControllers */ = {
			isa = PBXGroup;
			children = (
				30E2F0C9244DBEFA00E45C03 /* MenuViewController.swift */,
				30E2F0D9244DC8C100E45C03 /* LoginViewController.swift */,
				3008E7742454923C00E3EAF2 /* DetailViewController.swift */,
				30B27E6B24582A5C00DB820D /* GithubLoginViewController.swift */,
			);
			path = ViewControllers;
			sourceTree = "<group>";
		};
		30F2E9B1244EEA3B00C8D289 /* Views */ = {
			isa = PBXGroup;
			children = (
				30EF1610244EAD290074E4A4 /* MenuTableView.swift */,
				30E2E1C3245D5272002BE789 /* MenuDetailView.swift */,
				30F2E9B2244EEA4700C8D289 /* Components */,
			);
			path = Views;
			sourceTree = "<group>";
		};
		30F2E9B2244EEA4700C8D289 /* Components */ = {
			isa = PBXGroup;
			children = (
				30F6A186244DD90700EAD976 /* MenuTableViewCell.swift */,
				30CB3DC1245021710022C15E /* MenuHeaderView.swift */,
				307EE45C2451C5B6004C6A29 /* SectionHeaderTapGestureRecognizer.swift */,
				3008E79C24557B3B00E3EAF2 /* DescriptionLabel.swift */,
				3008E79E24557CD800E3EAF2 /* ContentsTitleLabel.swift */,
			);
			path = Components;
			sourceTree = "<group>";
		};
		7A699480A43FEB83B0342067 /* Frameworks */ = {
			isa = PBXGroup;
			children = (
				F95A19B1BF397AE6384399C4 /* libPods-SideDishApp.a */,
			);
			name = Frameworks;
			sourceTree = "<group>";
		};
		93D5FF1B350311F1AFD34BCC /* Pods */ = {
			isa = PBXGroup;
			children = (
				DB4D7076D4EFE94E69D59E80 /* Pods-SideDishApp.debug.xcconfig */,
				11121757DA479AE946A24C42 /* Pods-SideDishApp.release.xcconfig */,
			);
			path = Pods;
			sourceTree = "<group>";
		};
/* End PBXGroup section */

/* Begin PBXNativeTarget section */
		30E2F0C1244DBEFA00E45C03 /* SideDishApp */ = {
			isa = PBXNativeTarget;
			buildConfigurationList = 30E2F0D6244DBF0100E45C03 /* Build configuration list for PBXNativeTarget "SideDishApp" */;
			buildPhases = (
				1F4B115F82B9DE4562C3F8A5 /* [CP] Check Pods Manifest.lock */,
				30E2F0BE244DBEFA00E45C03 /* Sources */,
				30E2F0BF244DBEFA00E45C03 /* Frameworks */,
				30E2F0C0244DBEFA00E45C03 /* Resources */,
			);
			buildRules = (
			);
			dependencies = (
			);
			name = SideDishApp;
			productName = SideDishApp;
			productReference = 30E2F0C2244DBEFA00E45C03 /* SideDishApp.app */;
			productType = "com.apple.product-type.application";
		};
/* End PBXNativeTarget section */

/* Begin PBXProject section */
		30E2F0BA244DBEFA00E45C03 /* Project object */ = {
			isa = PBXProject;
			attributes = {
				LastSwiftUpdateCheck = 1130;
				LastUpgradeCheck = 1130;
				ORGANIZATIONNAME = delma;
				TargetAttributes = {
					30E2F0C1244DBEFA00E45C03 = {
						CreatedOnToolsVersion = 11.3;
					};
				};
			};
			buildConfigurationList = 30E2F0BD244DBEFA00E45C03 /* Build configuration list for PBXProject "SideDishApp" */;
			compatibilityVersion = "Xcode 9.3";
			developmentRegion = en;
			hasScannedForEncodings = 0;
			knownRegions = (
				en,
				Base,
			);
			mainGroup = 30E2F0B9244DBEFA00E45C03;
			productRefGroup = 30E2F0C3244DBEFA00E45C03 /* Products */;
			projectDirPath = "";
			projectRoot = "";
			targets = (
				30E2F0C1244DBEFA00E45C03 /* SideDishApp */,
			);
		};
/* End PBXProject section */

/* Begin PBXResourcesBuildPhase section */
		30E2F0C0244DBEFA00E45C03 /* Resources */ = {
			isa = PBXResourcesBuildPhase;
			buildActionMask = 2147483647;
			files = (
				30E2F0D2244DBF0100E45C03 /* LaunchScreen.storyboard in Resources */,
				30E2F0CF244DBF0100E45C03 /* Assets.xcassets in Resources */,
				30E2F0CD244DBEFA00E45C03 /* Main.storyboard in Resources */,
			);
			runOnlyForDeploymentPostprocessing = 0;
		};
/* End PBXResourcesBuildPhase section */

/* Begin PBXShellScriptBuildPhase section */
		1F4B115F82B9DE4562C3F8A5 /* [CP] Check Pods Manifest.lock */ = {
			isa = PBXShellScriptBuildPhase;
			buildActionMask = 2147483647;
			files = (
			);
			inputFileListPaths = (
			);
			inputPaths = (
				"${PODS_PODFILE_DIR_PATH}/Podfile.lock",
				"${PODS_ROOT}/Manifest.lock",
			);
			name = "[CP] Check Pods Manifest.lock";
			outputFileListPaths = (
			);
			outputPaths = (
				"$(DERIVED_FILE_DIR)/Pods-SideDishApp-checkManifestLockResult.txt",
			);
			runOnlyForDeploymentPostprocessing = 0;
			shellPath = /bin/sh;
			shellScript = "diff \"${PODS_PODFILE_DIR_PATH}/Podfile.lock\" \"${PODS_ROOT}/Manifest.lock\" > /dev/null\nif [ $? != 0 ] ; then\n    # print error to STDERR\n    echo \"error: The sandbox is not in sync with the Podfile.lock. Run 'pod install' or update your CocoaPods installation.\" >&2\n    exit 1\nfi\n# This output is used by Xcode 'outputs' to avoid re-running this script phase.\necho \"SUCCESS\" > \"${SCRIPT_OUTPUT_FILE_0}\"\n";
			showEnvVarsInLog = 0;
		};
/* End PBXShellScriptBuildPhase section */

/* Begin PBXSourcesBuildPhase section */
		30E2F0BE244DBEFA00E45C03 /* Sources */ = {
			isa = PBXSourcesBuildPhase;
			buildActionMask = 2147483647;
			files = (
				30F2E9AD244EDCDE00C8D289 /* AllMenu.swift in Sources */,
				3008E7752454923C00E3EAF2 /* DetailViewController.swift in Sources */,
				307EE45D2451C5B6004C6A29 /* SectionHeaderTapGestureRecognizer.swift in Sources */,
				3008E79D24557B3B00E3EAF2 /* DescriptionLabel.swift in Sources */,
				30955F8A24531533004D8940 /* ImageCache.swift in Sources */,
				30F2E9AA244ECBDD00C8D289 /* NetworkUseCase.swift in Sources */,
				30E2E1C4245D5272002BE789 /* MenuDetailView.swift in Sources */,
				30F2E9A8244EC2F800C8D289 /* NetworkManager.swift in Sources */,
				30E2F0DA244DC8C100E45C03 /* LoginViewController.swift in Sources */,
				30F6A187244DD90700EAD976 /* MenuTableViewCell.swift in Sources */,
				30E2F0CA244DBEFA00E45C03 /* MenuViewController.swift in Sources */,
				307BF1AE24591F8800AA0A41 /* ExtendedUIColor.swift in Sources */,
				30F2E9AF244EDEFB00C8D289 /* MenuDetail.swift in Sources */,
				30CB3DC2245021710022C15E /* MenuHeaderView.swift in Sources */,
				30C18E32245406D00087F83E /* ImageLoader.swift in Sources */,
				30B27E6C24582A5C00DB820D /* GithubLoginViewController.swift in Sources */,
				30E2F0C6244DBEFA00E45C03 /* AppDelegate.swift in Sources */,
				30EF1611244EAD290074E4A4 /* MenuTableView.swift in Sources */,
				3008E79F24557CD800E3EAF2 /* ContentsTitleLabel.swift in Sources */,
				30F2E9A6244EC05C00C8D289 /* NetworkErrorCase.swift in Sources */,
				30E2F0C8244DBEFA00E45C03 /* SceneDelegate.swift in Sources */,
				30F2E9A4244EBFED00C8D289 /* NetworkSetting.swift in Sources */,
			);
			runOnlyForDeploymentPostprocessing = 0;
		};
/* End PBXSourcesBuildPhase section */

/* Begin PBXVariantGroup section */
		30E2F0CB244DBEFA00E45C03 /* Main.storyboard */ = {
			isa = PBXVariantGroup;
			children = (
				30E2F0CC244DBEFA00E45C03 /* Base */,
			);
			name = Main.storyboard;
			sourceTree = "<group>";
		};
		30E2F0D0244DBF0100E45C03 /* LaunchScreen.storyboard */ = {
			isa = PBXVariantGroup;
			children = (
				30E2F0D1244DBF0100E45C03 /* Base */,
			);
			name = LaunchScreen.storyboard;
			sourceTree = "<group>";
		};
/* End PBXVariantGroup section */

/* Begin XCBuildConfiguration section */
		30E2F0D4244DBF0100E45C03 /* Debug */ = {
			isa = XCBuildConfiguration;
			buildSettings = {
				ALWAYS_SEARCH_USER_PATHS = NO;
				CLANG_ANALYZER_NONNULL = YES;
				CLANG_ANALYZER_NUMBER_OBJECT_CONVERSION = YES_AGGRESSIVE;
				CLANG_CXX_LANGUAGE_STANDARD = "gnu++14";
				CLANG_CXX_LIBRARY = "libc++";
				CLANG_ENABLE_MODULES = YES;
				CLANG_ENABLE_OBJC_ARC = YES;
				CLANG_ENABLE_OBJC_WEAK = YES;
				CLANG_WARN_BLOCK_CAPTURE_AUTORELEASING = YES;
				CLANG_WARN_BOOL_CONVERSION = YES;
				CLANG_WARN_COMMA = YES;
				CLANG_WARN_CONSTANT_CONVERSION = YES;
				CLANG_WARN_DEPRECATED_OBJC_IMPLEMENTATIONS = YES;
				CLANG_WARN_DIRECT_OBJC_ISA_USAGE = YES_ERROR;
				CLANG_WARN_DOCUMENTATION_COMMENTS = YES;
				CLANG_WARN_EMPTY_BODY = YES;
				CLANG_WARN_ENUM_CONVERSION = YES;
				CLANG_WARN_INFINITE_RECURSION = YES;
				CLANG_WARN_INT_CONVERSION = YES;
				CLANG_WARN_NON_LITERAL_NULL_CONVERSION = YES;
				CLANG_WARN_OBJC_IMPLICIT_RETAIN_SELF = YES;
				CLANG_WARN_OBJC_LITERAL_CONVERSION = YES;
				CLANG_WARN_OBJC_ROOT_CLASS = YES_ERROR;
				CLANG_WARN_RANGE_LOOP_ANALYSIS = YES;
				CLANG_WARN_STRICT_PROTOTYPES = YES;
				CLANG_WARN_SUSPICIOUS_MOVE = YES;
				CLANG_WARN_UNGUARDED_AVAILABILITY = YES_AGGRESSIVE;
				CLANG_WARN_UNREACHABLE_CODE = YES;
				CLANG_WARN__DUPLICATE_METHOD_MATCH = YES;
				COPY_PHASE_STRIP = NO;
				DEBUG_INFORMATION_FORMAT = dwarf;
				ENABLE_STRICT_OBJC_MSGSEND = YES;
				ENABLE_TESTABILITY = YES;
				GCC_C_LANGUAGE_STANDARD = gnu11;
				GCC_DYNAMIC_NO_PIC = NO;
				GCC_NO_COMMON_BLOCKS = YES;
				GCC_OPTIMIZATION_LEVEL = 0;
				GCC_PREPROCESSOR_DEFINITIONS = (
					"DEBUG=1",
					"$(inherited)",
				);
				GCC_WARN_64_TO_32_BIT_CONVERSION = YES;
				GCC_WARN_ABOUT_RETURN_TYPE = YES_ERROR;
				GCC_WARN_UNDECLARED_SELECTOR = YES;
				GCC_WARN_UNINITIALIZED_AUTOS = YES_AGGRESSIVE;
				GCC_WARN_UNUSED_FUNCTION = YES;
				GCC_WARN_UNUSED_VARIABLE = YES;
				IPHONEOS_DEPLOYMENT_TARGET = 13.2;
				MTL_ENABLE_DEBUG_INFO = INCLUDE_SOURCE;
				MTL_FAST_MATH = YES;
				ONLY_ACTIVE_ARCH = YES;
				SDKROOT = iphoneos;
				SWIFT_ACTIVE_COMPILATION_CONDITIONS = DEBUG;
				SWIFT_OPTIMIZATION_LEVEL = "-Onone";
			};
			name = Debug;
		};
		30E2F0D5244DBF0100E45C03 /* Release */ = {
			isa = XCBuildConfiguration;
			buildSettings = {
				ALWAYS_SEARCH_USER_PATHS = NO;
				CLANG_ANALYZER_NONNULL = YES;
				CLANG_ANALYZER_NUMBER_OBJECT_CONVERSION = YES_AGGRESSIVE;
				CLANG_CXX_LANGUAGE_STANDARD = "gnu++14";
				CLANG_CXX_LIBRARY = "libc++";
				CLANG_ENABLE_MODULES = YES;
				CLANG_ENABLE_OBJC_ARC = YES;
				CLANG_ENABLE_OBJC_WEAK = YES;
				CLANG_WARN_BLOCK_CAPTURE_AUTORELEASING = YES;
				CLANG_WARN_BOOL_CONVERSION = YES;
				CLANG_WARN_COMMA = YES;
				CLANG_WARN_CONSTANT_CONVERSION = YES;
				CLANG_WARN_DEPRECATED_OBJC_IMPLEMENTATIONS = YES;
				CLANG_WARN_DIRECT_OBJC_ISA_USAGE = YES_ERROR;
				CLANG_WARN_DOCUMENTATION_COMMENTS = YES;
				CLANG_WARN_EMPTY_BODY = YES;
				CLANG_WARN_ENUM_CONVERSION = YES;
				CLANG_WARN_INFINITE_RECURSION = YES;
				CLANG_WARN_INT_CONVERSION = YES;
				CLANG_WARN_NON_LITERAL_NULL_CONVERSION = YES;
				CLANG_WARN_OBJC_IMPLICIT_RETAIN_SELF = YES;
				CLANG_WARN_OBJC_LITERAL_CONVERSION = YES;
				CLANG_WARN_OBJC_ROOT_CLASS = YES_ERROR;
				CLANG_WARN_RANGE_LOOP_ANALYSIS = YES;
				CLANG_WARN_STRICT_PROTOTYPES = YES;
				CLANG_WARN_SUSPICIOUS_MOVE = YES;
				CLANG_WARN_UNGUARDED_AVAILABILITY = YES_AGGRESSIVE;
				CLANG_WARN_UNREACHABLE_CODE = YES;
				CLANG_WARN__DUPLICATE_METHOD_MATCH = YES;
				COPY_PHASE_STRIP = NO;
				DEBUG_INFORMATION_FORMAT = "dwarf-with-dsym";
				ENABLE_NS_ASSERTIONS = NO;
				ENABLE_STRICT_OBJC_MSGSEND = YES;
				GCC_C_LANGUAGE_STANDARD = gnu11;
				GCC_NO_COMMON_BLOCKS = YES;
				GCC_WARN_64_TO_32_BIT_CONVERSION = YES;
				GCC_WARN_ABOUT_RETURN_TYPE = YES_ERROR;
				GCC_WARN_UNDECLARED_SELECTOR = YES;
				GCC_WARN_UNINITIALIZED_AUTOS = YES_AGGRESSIVE;
				GCC_WARN_UNUSED_FUNCTION = YES;
				GCC_WARN_UNUSED_VARIABLE = YES;
				IPHONEOS_DEPLOYMENT_TARGET = 13.2;
				MTL_ENABLE_DEBUG_INFO = NO;
				MTL_FAST_MATH = YES;
				SDKROOT = iphoneos;
				SWIFT_COMPILATION_MODE = wholemodule;
				SWIFT_OPTIMIZATION_LEVEL = "-O";
				VALIDATE_PRODUCT = YES;
			};
			name = Release;
		};
		30E2F0D7244DBF0100E45C03 /* Debug */ = {
			isa = XCBuildConfiguration;
			baseConfigurationReference = DB4D7076D4EFE94E69D59E80 /* Pods-SideDishApp.debug.xcconfig */;
			buildSettings = {
				ASSETCATALOG_COMPILER_APPICON_NAME = AppIcon;
				CODE_SIGN_STYLE = Automatic;
				DEVELOPMENT_TEAM = NC28R53QWB;
				INFOPLIST_FILE = SideDishApp/Info.plist;
				IPHONEOS_DEPLOYMENT_TARGET = 13.2;
				LD_RUNPATH_SEARCH_PATHS = (
					"$(inherited)",
					"@executable_path/Frameworks",
				);
				PRODUCT_BUNDLE_IDENTIFIER = com.delma.SideDishApp;
				PRODUCT_NAME = "$(TARGET_NAME)";
				SWIFT_VERSION = 5.0;
				TARGETED_DEVICE_FAMILY = "1,2";
			};
			name = Debug;
		};
		30E2F0D8244DBF0100E45C03 /* Release */ = {
			isa = XCBuildConfiguration;
			baseConfigurationReference = 11121757DA479AE946A24C42 /* Pods-SideDishApp.release.xcconfig */;
			buildSettings = {
				ASSETCATALOG_COMPILER_APPICON_NAME = AppIcon;
				CODE_SIGN_STYLE = Automatic;
				DEVELOPMENT_TEAM = NC28R53QWB;
				INFOPLIST_FILE = SideDishApp/Info.plist;
				IPHONEOS_DEPLOYMENT_TARGET = 13.2;
				LD_RUNPATH_SEARCH_PATHS = (
					"$(inherited)",
					"@executable_path/Frameworks",
				);
				PRODUCT_BUNDLE_IDENTIFIER = com.delma.SideDishApp;
				PRODUCT_NAME = "$(TARGET_NAME)";
				SWIFT_VERSION = 5.0;
				TARGETED_DEVICE_FAMILY = "1,2";
			};
			name = Release;
		};
/* End XCBuildConfiguration section */

/* Begin XCConfigurationList section */
		30E2F0BD244DBEFA00E45C03 /* Build configuration list for PBXProject "SideDishApp" */ = {
			isa = XCConfigurationList;
			buildConfigurations = (
				30E2F0D4244DBF0100E45C03 /* Debug */,
				30E2F0D5244DBF0100E45C03 /* Release */,
			);
			defaultConfigurationIsVisible = 0;
			defaultConfigurationName = Release;
		};
		30E2F0D6244DBF0100E45C03 /* Build configuration list for PBXNativeTarget "SideDishApp" */ = {
			isa = XCConfigurationList;
			buildConfigurations = (
				30E2F0D7244DBF0100E45C03 /* Debug */,
				30E2F0D8244DBF0100E45C03 /* Release */,
			);
			defaultConfigurationIsVisible = 0;
			defaultConfigurationName = Release;
		};
/* End XCConfigurationList section */
	};
	rootObject = 30E2F0BA244DBEFA00E45C03 /* Project object */;
}
